
Microsoft Visual Studio Solution File, Format Version 12.00
# Visual Studio 14
VisualStudioVersion = 14.0.23107.0
MinimumVisualStudioVersion = 10.0.40219.1
Project("{FAE04EC0-301F-11D3-BF4B-00C04F79EFBC}") = "Atelier 15", "Atelier 15\Atelier 15\Atelier 15.csproj", "{CFA38EF7-EB9F-49BA-A6FD-2DCD4B575C28}"
EndProject
Project("{FAE04EC0-301F-11D3-BF4B-00C04F79EFBC}") = "Atelier 15Content", "Atelier 15\Atelier 15Content\Atelier 15Content.contentproj", "{B8276347-AF90-4DB7-A3F0-07BA576384DF}"
EndProject
Project("{FAE04EC0-301F-11D3-BF4B-00C04F79EFBC}") = "Serveur", "Serveur\Serveur.csproj", "{F2078A2D-41C3-4A39-A6A4-BDAC5F9545FB}"
EndProject
Project("{FAE04EC0-301F-11D3-BF4B-00C04F79EFBC}") = "Menu Projet Finale", "..\Menu Projet Finale\Menu Projet Finale\Menu Projet Finale.csproj", "{83FDCE34-586F-456A-869A-39C74C24B9CD}"
EndProject
Global
	GlobalSection(SolutionConfigurationPlatforms) = preSolution
		Debug|Any CPU = Debug|Any CPU
		Debug|x86 = Debug|x86
		Release|Any CPU = Release|Any CPU
		Release|x86 = Release|x86
	EndGlobalSection
	GlobalSection(ProjectConfigurationPlatforms) = postSolution
		{CFA38EF7-EB9F-49BA-A6FD-2DCD4B575C28}.Debug|Any CPU.ActiveCfg = Debug|x86
		{CFA38EF7-EB9F-49BA-A6FD-2DCD4B575C28}.Debug|Any CPU.Build.0 = Debug|x86
		{CFA38EF7-EB9F-49BA-A6FD-2DCD4B575C28}.Debug|x86.ActiveCfg = Debug|x86
		{CFA38EF7-EB9F-49BA-A6FD-2DCD4B575C28}.Debug|x86.Build.0 = Debug|x86
		{CFA38EF7-EB9F-49BA-A6FD-2DCD4B575C28}.Release|Any CPU.ActiveCfg = Release|x86
		{CFA38EF7-EB9F-49BA-A6FD-2DCD4B575C28}.Release|x86.ActiveCfg = Release|x86
		{CFA38EF7-EB9F-49BA-A6FD-2DCD4B575C28}.Release|x86.Build.0 = Release|x86
		{B8276347-AF90-4DB7-A3F0-07BA576384DF}.Debug|Any CPU.ActiveCfg = Debug|x86
		{B8276347-AF90-4DB7-A3F0-07BA576384DF}.Debug|x86.ActiveCfg = Debug|x86
		{B8276347-AF90-4DB7-A3F0-07BA576384DF}.Release|Any CPU.ActiveCfg = Release|x86
		{B8276347-AF90-4DB7-A3F0-07BA576384DF}.Release|x86.ActiveCfg = Release|x86
		{F2078A2D-41C3-4A39-A6A4-BDAC5F9545FB}.Debug|Any CPU.ActiveCfg = Debug|Any CPU
		{F2078A2D-41C3-4A39-A6A4-BDAC5F9545FB}.Debug|x86.ActiveCfg = Debug|Any CPU
		{F2078A2D-41C3-4A39-A6A4-BDAC5F9545FB}.Debug|x86.Build.0 = Debug|Any CPU
		{F2078A2D-41C3-4A39-A6A4-BDAC5F9545FB}.Release|Any CPU.ActiveCfg = Release|Any CPU
		{F2078A2D-41C3-4A39-A6A4-BDAC5F9545FB}.Release|Any CPU.Build.0 = Release|Any CPU
		{F2078A2D-41C3-4A39-A6A4-BDAC5F9545FB}.Release|x86.ActiveCfg = Release|Any CPU
		{F2078A2D-41C3-4A39-A6A4-BDAC5F9545FB}.Release|x86.Build.0 = Release|Any CPU
		{83FDCE34-586F-456A-869A-39C74C24B9CD}.Debug|Any CPU.ActiveCfg = Debug|Any CPU
		{83FDCE34-586F-456A-869A-39C74C24B9CD}.Debug|Any CPU.Build.0 = Debug|Any CPU
		{83FDCE34-586F-456A-869A-39C74C24B9CD}.Debug|x86.ActiveCfg = Debug|Any CPU
		{83FDCE34-586F-456A-869A-39C74C24B9CD}.Debug|x86.Build.0 = Debug|Any CPU
		{83FDCE34-586F-456A-869A-39C74C24B9CD}.Release|Any CPU.ActiveCfg = Release|Any CPU
		{83FDCE34-586F-456A-869A-39C74C24B9CD}.Release|Any CPU.Build.0 = Release|Any CPU
		{83FDCE34-586F-456A-869A-39C74C24B9CD}.Release|x86.ActiveCfg = Release|Any CPU
		{83FDCE34-586F-456A-869A-39C74C24B9CD}.Release|x86.Build.0 = Release|Any CPU
	EndGlobalSection
	GlobalSection(SolutionProperties) = preSolution
		HideSolutionNode = FALSE
	EndGlobalSection
EndGlobal
